
Microsoft Visual Studio Solution File, Format Version 11.00
# Visual Studio 2010
Project("{FAE04EC0-301F-11D3-BF4B-00C04F79EFBC}") = "progarkspill", "progarkspill\progarkspill\progarkspill.csproj", "{A0FAC9C9-8C17-4CD7-B892-A3509C09CE1D}"
EndProject
Project("{96E2B04D-8817-42C6-938A-82C39BA4D311}") = "progarkspillContent", "progarkspill\progarkspillContent\progarkspillContent.contentproj", "{C1A68E04-413C-485D-B95C-5171BBF08FFF}"
EndProject
Global
	GlobalSection(SolutionConfigurationPlatforms) = preSolution
		Debug|x86 = Debug|x86
		Release|x86 = Release|x86
	EndGlobalSection
	GlobalSection(ProjectConfigurationPlatforms) = postSolution
		{A0FAC9C9-8C17-4CD7-B892-A3509C09CE1D}.Debug|x86.ActiveCfg = Debug|x86
		{A0FAC9C9-8C17-4CD7-B892-A3509C09CE1D}.Debug|x86.Build.0 = Debug|x86
		{A0FAC9C9-8C17-4CD7-B892-A3509C09CE1D}.Release|x86.ActiveCfg = Release|x86
		{A0FAC9C9-8C17-4CD7-B892-A3509C09CE1D}.Release|x86.Build.0 = Release|x86
		{C1A68E04-413C-485D-B95C-5171BBF08FFF}.Debug|x86.ActiveCfg = Debug|x86
		{C1A68E04-413C-485D-B95C-5171BBF08FFF}.Release|x86.ActiveCfg = Release|x86
	EndGlobalSection
	GlobalSection(SolutionProperties) = preSolution
		HideSolutionNode = FALSE
	EndGlobalSection
EndGlobal
